
Microsoft Visual Studio Solution File, Format Version 12.00
# Visual Studio 15
VisualStudioVersion = 15.0.28010.2019
MinimumVisualStudioVersion = 10.0.40219.1
Project("{FAE04EC0-301F-11D3-BF4B-00C04F79EFBC}") = "Entidades", "Entidades\Entidades.csproj", "{DB45C9A0-70D8-4ADA-9DB8-6240F0C182F4}"
EndProject
Project("{FAE04EC0-301F-11D3-BF4B-00C04F79EFBC}") = "MiCalculadora", "MiCalculadora\MiCalculadora.csproj", "{04C53BFF-1D3E-4CF3-8C30-48706F97F87D}"
EndProject
Project("{FAE04EC0-301F-11D3-BF4B-00C04F79EFBC}") = "LibreriaTP1", "LibreriaTP1\LibreriaTP1.csproj", "{2CF82F25-F6EE-406B-8287-0149E52C7B79}"
EndProject
Global
	GlobalSection(SolutionConfigurationPlatforms) = preSolution
		Debug|Any CPU = Debug|Any CPU
		Release|Any CPU = Release|Any CPU
	EndGlobalSection
	GlobalSection(ProjectConfigurationPlatforms) = postSolution
		{DB45C9A0-70D8-4ADA-9DB8-6240F0C182F4}.Debug|Any CPU.ActiveCfg = Debug|Any CPU
		{DB45C9A0-70D8-4ADA-9DB8-6240F0C182F4}.Debug|Any CPU.Build.0 = Debug|Any CPU
		{DB45C9A0-70D8-4ADA-9DB8-6240F0C182F4}.Release|Any CPU.ActiveCfg = Release|Any CPU
		{DB45C9A0-70D8-4ADA-9DB8-6240F0C182F4}.Release|Any CPU.Build.0 = Release|Any CPU
		{04C53BFF-1D3E-4CF3-8C30-48706F97F87D}.Debug|Any CPU.ActiveCfg = Debug|Any CPU
		{04C53BFF-1D3E-4CF3-8C30-48706F97F87D}.Debug|Any CPU.Build.0 = Debug|Any CPU
		{04C53BFF-1D3E-4CF3-8C30-48706F97F87D}.Release|Any CPU.ActiveCfg = Release|Any CPU
		{04C53BFF-1D3E-4CF3-8C30-48706F97F87D}.Release|Any CPU.Build.0 = Release|Any CPU
		{2CF82F25-F6EE-406B-8287-0149E52C7B79}.Debug|Any CPU.ActiveCfg = Debug|Any CPU
		{2CF82F25-F6EE-406B-8287-0149E52C7B79}.Debug|Any CPU.Build.0 = Debug|Any CPU
		{2CF82F25-F6EE-406B-8287-0149E52C7B79}.Release|Any CPU.ActiveCfg = Release|Any CPU
		{2CF82F25-F6EE-406B-8287-0149E52C7B79}.Release|Any CPU.Build.0 = Release|Any CPU
	EndGlobalSection
	GlobalSection(SolutionProperties) = preSolution
		HideSolutionNode = FALSE
	EndGlobalSection
	GlobalSection(ExtensibilityGlobals) = postSolution
		SolutionGuid = {71C64C8B-1F3D-4D75-8951-904439AE5D05}
	EndGlobalSection
EndGlobal
